
Microsoft Visual Studio Solution File, Format Version 12.00
Project("{FAE04EC0-301F-11D3-BF4B-00C04F79EFBC}") = "RockPaperScissors", "RockPaperScissors.csproj", "{F879871F-F25B-464F-A37F-B0436B582D59}"
EndProject
Global
	GlobalSection(SolutionConfigurationPlatforms) = preSolution
		Debug|Any CPU = Debug|Any CPU
		Release|Any CPU = Release|Any CPU
	EndGlobalSection
	GlobalSection(ProjectConfigurationPlatforms) = postSolution
		{F879871F-F25B-464F-A37F-B0436B582D59}.Debug|Any CPU.ActiveCfg = Debug|Any CPU
		{F879871F-F25B-464F-A37F-B0436B582D59}.Debug|Any CPU.Build.0 = Debug|Any CPU
		{F879871F-F25B-464F-A37F-B0436B582D59}.Release|Any CPU.ActiveCfg = Release|Any CPU
		{F879871F-F25B-464F-A37F-B0436B582D59}.Release|Any CPU.Build.0 = Release|Any CPU
	EndGlobalSection
EndGlobal
